
Microsoft Visual Studio Solution File, Format Version 12.00
# Visual Studio 15
VisualStudioVersion = 15.0.27428.2037
MinimumVisualStudioVersion = 10.0.40219.1
Project("{A0786B88-2ADB-4C21-ABE8-AA2D79766269}") = "svadobny_salon", "..\..\..\..\..\Users\david\source\repos\svadobny_salon\svadobny_salon\svadobny_salon.phpproj", "{5891A78B-2160-43DB-900C-1B1C2DA946B9}"
EndProject
Global
	GlobalSection(SolutionConfigurationPlatforms) = preSolution
		Debug|Any CPU = Debug|Any CPU
		Release|Any CPU = Release|Any CPU
	EndGlobalSection
	GlobalSection(ProjectConfigurationPlatforms) = postSolution
		{5891A78B-2160-43DB-900C-1B1C2DA946B9}.Debug|Any CPU.ActiveCfg = Debug|Any CPU
		{5891A78B-2160-43DB-900C-1B1C2DA946B9}.Release|Any CPU.ActiveCfg = Release|Any CPU
	EndGlobalSection
	GlobalSection(SolutionProperties) = preSolution
		HideSolutionNode = FALSE
	EndGlobalSection
	GlobalSection(ExtensibilityGlobals) = postSolution
		SolutionGuid = {B6E69962-849A-4D7E-8A68-0FB0A1C7ECDE}
	EndGlobalSection
EndGlobal
